
Microsoft Visual Studio Solution File, Format Version 12.00
# Visual Studio for Mac
Project("{FAE04EC0-301F-11D3-BF4B-00C04F79EFBC}") = "designstacksup", "Assembly-CSharp.csproj", "{290524E9-5C7C-86E8-FBBE-AD8A088B0177}"
EndProject
Project("{FAE04EC0-301F-11D3-BF4B-00C04F79EFBC}") = "designstacksup", "Assembly-CSharp-firstpass.csproj", "{A92698C0-2334-A230-F25B-E6D21D62CE4C}"
EndProject
Project("{FAE04EC0-301F-11D3-BF4B-00C04F79EFBC}") = "designstacksup", "Assembly-CSharp-Editor.csproj", "{D4DBCB8C-B200-9394-82C9-5EAC82FF3844}"
EndProject
Global
	GlobalSection(SolutionConfigurationPlatforms) = preSolution
		Debug|Any CPU = Debug|Any CPU
		Release|Any CPU = Release|Any CPU
	EndGlobalSection
	GlobalSection(ProjectConfigurationPlatforms) = postSolution
		{290524E9-5C7C-86E8-FBBE-AD8A088B0177}.Debug|Any CPU.ActiveCfg = Debug|Any CPU
		{290524E9-5C7C-86E8-FBBE-AD8A088B0177}.Debug|Any CPU.Build.0 = Debug|Any CPU
		{290524E9-5C7C-86E8-FBBE-AD8A088B0177}.Release|Any CPU.ActiveCfg = Release|Any CPU
		{290524E9-5C7C-86E8-FBBE-AD8A088B0177}.Release|Any CPU.Build.0 = Release|Any CPU
		{A92698C0-2334-A230-F25B-E6D21D62CE4C}.Debug|Any CPU.ActiveCfg = Debug|Any CPU
		{A92698C0-2334-A230-F25B-E6D21D62CE4C}.Debug|Any CPU.Build.0 = Debug|Any CPU
		{A92698C0-2334-A230-F25B-E6D21D62CE4C}.Release|Any CPU.ActiveCfg = Release|Any CPU
		{A92698C0-2334-A230-F25B-E6D21D62CE4C}.Release|Any CPU.Build.0 = Release|Any CPU
		{D4DBCB8C-B200-9394-82C9-5EAC82FF3844}.Debug|Any CPU.ActiveCfg = Debug|Any CPU
		{D4DBCB8C-B200-9394-82C9-5EAC82FF3844}.Debug|Any CPU.Build.0 = Debug|Any CPU
		{D4DBCB8C-B200-9394-82C9-5EAC82FF3844}.Release|Any CPU.ActiveCfg = Release|Any CPU
		{D4DBCB8C-B200-9394-82C9-5EAC82FF3844}.Release|Any CPU.Build.0 = Release|Any CPU
	EndGlobalSection
	GlobalSection(SolutionProperties) = preSolution
		HideSolutionNode = FALSE
	EndGlobalSection
EndGlobal
